// !$*UTF8*$!
{
	archiveVersion = 1;
	classes = {
	};
	objectVersion = 56;
	objects = {

/* Begin PBXBuildFile section */
		D25A341F2BD886C900148C70 /* HolaFly_ChallengeApp.swift in Sources */ = {isa = PBXBuildFile; fileRef = D25A341E2BD886C900148C70 /* HolaFly_ChallengeApp.swift */; };
		D25A34232BD886CD00148C70 /* Assets.xcassets in Resources */ = {isa = PBXBuildFile; fileRef = D25A34222BD886CD00148C70 /* Assets.xcassets */; };
		D25A343A2BD886CD00148C70 /* HolaFly_ChallengeUITests.swift in Sources */ = {isa = PBXBuildFile; fileRef = D25A34392BD886CD00148C70 /* HolaFly_ChallengeUITests.swift */; };
		D25A343C2BD886CD00148C70 /* HolaFly_ChallengeUITestsLaunchTests.swift in Sources */ = {isa = PBXBuildFile; fileRef = D25A343B2BD886CD00148C70 /* HolaFly_ChallengeUITestsLaunchTests.swift */; };
		D25A34532BD9D7F200148C70 /* NetworkingManager.swift in Sources */ = {isa = PBXBuildFile; fileRef = D25A34522BD9D7F200148C70 /* NetworkingManager.swift */; };
		D25A34572BD9F1B300148C70 /* RequestError.swift in Sources */ = {isa = PBXBuildFile; fileRef = D25A34562BD9F1B300148C70 /* RequestError.swift */; };
		D25A345C2BD9F66500148C70 /* MainDataSource.swift in Sources */ = {isa = PBXBuildFile; fileRef = D25A345B2BD9F66500148C70 /* MainDataSource.swift */; };
		D25A345E2BD9F71000148C70 /* PokemonPage.swift in Sources */ = {isa = PBXBuildFile; fileRef = D25A345D2BD9F71000148C70 /* PokemonPage.swift */; };
		D25A34602BD9F74500148C70 /* Pokemon.swift in Sources */ = {isa = PBXBuildFile; fileRef = D25A345F2BD9F74500148C70 /* Pokemon.swift */; };
		D25A34652BD9FE2600148C70 /* MainView.swift in Sources */ = {isa = PBXBuildFile; fileRef = D25A34642BD9FE2600148C70 /* MainView.swift */; };
		D25A34672BD9FE3E00148C70 /* MainViewModel.swift in Sources */ = {isa = PBXBuildFile; fileRef = D25A34662BD9FE3E00148C70 /* MainViewModel.swift */; };
		D25A34692BDA043500148C70 /* MainCoordinator.swift in Sources */ = {isa = PBXBuildFile; fileRef = D25A34682BDA043500148C70 /* MainCoordinator.swift */; };
		D25A346C2BDA0BF700148C70 /* ListItem.swift in Sources */ = {isa = PBXBuildFile; fileRef = D25A346B2BDA0BF700148C70 /* ListItem.swift */; };
		D2732F042BDA1908002B1EC8 /* SDWebImageSwiftUI in Frameworks */ = {isa = PBXBuildFile; productRef = D2732F032BDA1908002B1EC8 /* SDWebImageSwiftUI */; };
		D2732F072BDAB1DA002B1EC8 /* PokeItem.swift in Sources */ = {isa = PBXBuildFile; fileRef = D2732F062BDAB1DA002B1EC8 /* PokeItem.swift */; };
		D2732F092BDAF970002B1EC8 /* PokemonType.swift in Sources */ = {isa = PBXBuildFile; fileRef = D2732F082BDAF970002B1EC8 /* PokemonType.swift */; };
		D2732F0C2BDAFA10002B1EC8 /* Colors.xcassets in Resources */ = {isa = PBXBuildFile; fileRef = D2732F0B2BDAFA10002B1EC8 /* Colors.xcassets */; };
		D2732F0F2BDB0E50002B1EC8 /* Spacing.swift in Sources */ = {isa = PBXBuildFile; fileRef = D2732F0E2BDB0E50002B1EC8 /* Spacing.swift */; };
		D2732F122BDB3270002B1EC8 /* DetailView.swift in Sources */ = {isa = PBXBuildFile; fileRef = D2732F112BDB3270002B1EC8 /* DetailView.swift */; };
		D2732F142BDB4446002B1EC8 /* DetailHeaderView.swift in Sources */ = {isa = PBXBuildFile; fileRef = D2732F132BDB4446002B1EC8 /* DetailHeaderView.swift */; };
		D2732F172BDC0C5D002B1EC8 /* SearchBarView.swift in Sources */ = {isa = PBXBuildFile; fileRef = D2732F162BDC0C5D002B1EC8 /* SearchBarView.swift */; };
		D2732F1A2BDC10CD002B1EC8 /* UIApplication+Extension.swift in Sources */ = {isa = PBXBuildFile; fileRef = D2732F192BDC10CD002B1EC8 /* UIApplication+Extension.swift */; };
		D2A974742BDD697400F7D473 /* MainTabBarView.swift in Sources */ = {isa = PBXBuildFile; fileRef = D2A974732BDD697400F7D473 /* MainTabBarView.swift */; };
		D2A974B32BDD77DC00F7D473 /* PokemonPageServiceTests.swift in Sources */ = {isa = PBXBuildFile; fileRef = D2A974A92BDD77DC00F7D473 /* PokemonPageServiceTests.swift */; };
		D2A974B42BDD77DC00F7D473 /* MockNetworkingManager.swift in Sources */ = {isa = PBXBuildFile; fileRef = D2A974AB2BDD77DC00F7D473 /* MockNetworkingManager.swift */; };
		D2A974B52BDD77DC00F7D473 /* MockPokemonPageServiceHandler.swift in Sources */ = {isa = PBXBuildFile; fileRef = D2A974AC2BDD77DC00F7D473 /* MockPokemonPageServiceHandler.swift */; };
		D2A974B62BDD77DC00F7D473 /* PokeItemTests.swift in Sources */ = {isa = PBXBuildFile; fileRef = D2A974AE2BDD77DC00F7D473 /* PokeItemTests.swift */; };
		D2A974B72BDD77DC00F7D473 /* PokemonPageTests.swift in Sources */ = {isa = PBXBuildFile; fileRef = D2A974AF2BDD77DC00F7D473 /* PokemonPageTests.swift */; };
		D2A974B82BDD77DC00F7D473 /* PokemonTests.swift in Sources */ = {isa = PBXBuildFile; fileRef = D2A974B02BDD77DC00F7D473 /* PokemonTests.swift */; };
		D2A974B92BDD77DC00F7D473 /* PokemonTypeTests.swift in Sources */ = {isa = PBXBuildFile; fileRef = D2A974B12BDD77DC00F7D473 /* PokemonTypeTests.swift */; };
		D2A974BC2BDD8BDD00F7D473 /* FilterView.swift in Sources */ = {isa = PBXBuildFile; fileRef = D2A974BB2BDD8BDD00F7D473 /* FilterView.swift */; };
		D2A974BE2BDDA81200F7D473 /* Filter.swift in Sources */ = {isa = PBXBuildFile; fileRef = D2A974BD2BDDA81200F7D473 /* Filter.swift */; };
		D2A974C02BDDBC5E00F7D473 /* Localizable.xcstrings in Resources */ = {isa = PBXBuildFile; fileRef = D2A974BF2BDDBC5E00F7D473 /* Localizable.xcstrings */; };
		D2732F1D2BDC8EB1002B1EC8 /* FileManagerService.swift in Sources */ = {isa = PBXBuildFile; fileRef = D2732F1C2BDC8EB1002B1EC8 /* FileManagerService.swift */; };
/* End PBXBuildFile section */

/* Begin PBXContainerItemProxy section */
		D25A342C2BD886CD00148C70 /* PBXContainerItemProxy */ = {
			isa = PBXContainerItemProxy;
			containerPortal = D25A34132BD886C800148C70 /* Project object */;
			proxyType = 1;
			remoteGlobalIDString = D25A341A2BD886C900148C70;
			remoteInfo = "HolaFly-Challenge";
		};
		D25A34362BD886CD00148C70 /* PBXContainerItemProxy */ = {
			isa = PBXContainerItemProxy;
			containerPortal = D25A34132BD886C800148C70 /* Project object */;
			proxyType = 1;
			remoteGlobalIDString = D25A341A2BD886C900148C70;
			remoteInfo = "HolaFly-Challenge";
		};
/* End PBXContainerItemProxy section */

/* Begin PBXFileReference section */
		D25A341B2BD886C900148C70 /* HolaFly-Challenge.app */ = {isa = PBXFileReference; explicitFileType = wrapper.application; includeInIndex = 0; path = "HolaFly-Challenge.app"; sourceTree = BUILT_PRODUCTS_DIR; };
		D25A341E2BD886C900148C70 /* HolaFly_ChallengeApp.swift */ = {isa = PBXFileReference; lastKnownFileType = sourcecode.swift; path = HolaFly_ChallengeApp.swift; sourceTree = "<group>"; };
		D25A34222BD886CD00148C70 /* Assets.xcassets */ = {isa = PBXFileReference; lastKnownFileType = folder.assetcatalog; path = Assets.xcassets; sourceTree = "<group>"; };
		D25A342B2BD886CD00148C70 /* HolaFly-ChallengeTests.xctest */ = {isa = PBXFileReference; explicitFileType = wrapper.cfbundle; includeInIndex = 0; path = "HolaFly-ChallengeTests.xctest"; sourceTree = BUILT_PRODUCTS_DIR; };
		D25A34352BD886CD00148C70 /* HolaFly-ChallengeUITests.xctest */ = {isa = PBXFileReference; explicitFileType = wrapper.cfbundle; includeInIndex = 0; path = "HolaFly-ChallengeUITests.xctest"; sourceTree = BUILT_PRODUCTS_DIR; };
		D25A34392BD886CD00148C70 /* HolaFly_ChallengeUITests.swift */ = {isa = PBXFileReference; lastKnownFileType = sourcecode.swift; path = HolaFly_ChallengeUITests.swift; sourceTree = "<group>"; };
		D25A343B2BD886CD00148C70 /* HolaFly_ChallengeUITestsLaunchTests.swift */ = {isa = PBXFileReference; lastKnownFileType = sourcecode.swift; path = HolaFly_ChallengeUITestsLaunchTests.swift; sourceTree = "<group>"; };
		D25A34522BD9D7F200148C70 /* NetworkingManager.swift */ = {isa = PBXFileReference; lastKnownFileType = sourcecode.swift; path = NetworkingManager.swift; sourceTree = "<group>"; };
		D25A34562BD9F1B300148C70 /* RequestError.swift */ = {isa = PBXFileReference; lastKnownFileType = sourcecode.swift; path = RequestError.swift; sourceTree = "<group>"; };
		D25A345B2BD9F66500148C70 /* MainDataSource.swift */ = {isa = PBXFileReference; lastKnownFileType = sourcecode.swift; path = MainDataSource.swift; sourceTree = "<group>"; };
		D25A345D2BD9F71000148C70 /* PokemonPage.swift */ = {isa = PBXFileReference; lastKnownFileType = sourcecode.swift; path = PokemonPage.swift; sourceTree = "<group>"; };
		D25A345F2BD9F74500148C70 /* Pokemon.swift */ = {isa = PBXFileReference; lastKnownFileType = sourcecode.swift; path = Pokemon.swift; sourceTree = "<group>"; };
		D25A34642BD9FE2600148C70 /* MainView.swift */ = {isa = PBXFileReference; lastKnownFileType = sourcecode.swift; path = MainView.swift; sourceTree = "<group>"; };
		D25A34662BD9FE3E00148C70 /* MainViewModel.swift */ = {isa = PBXFileReference; lastKnownFileType = sourcecode.swift; path = MainViewModel.swift; sourceTree = "<group>"; };
		D25A34682BDA043500148C70 /* MainCoordinator.swift */ = {isa = PBXFileReference; lastKnownFileType = sourcecode.swift; path = MainCoordinator.swift; sourceTree = "<group>"; };
		D25A346B2BDA0BF700148C70 /* ListItem.swift */ = {isa = PBXFileReference; lastKnownFileType = sourcecode.swift; path = ListItem.swift; sourceTree = "<group>"; };
		D2732F052BDA2646002B1EC8 /* Info.plist */ = {isa = PBXFileReference; lastKnownFileType = text.plist; path = Info.plist; sourceTree = "<group>"; };
		D2732F062BDAB1DA002B1EC8 /* PokeItem.swift */ = {isa = PBXFileReference; lastKnownFileType = sourcecode.swift; path = PokeItem.swift; sourceTree = "<group>"; };
		D2732F082BDAF970002B1EC8 /* PokemonType.swift */ = {isa = PBXFileReference; lastKnownFileType = sourcecode.swift; path = PokemonType.swift; sourceTree = "<group>"; };
		D2732F0B2BDAFA10002B1EC8 /* Colors.xcassets */ = {isa = PBXFileReference; lastKnownFileType = folder.assetcatalog; path = Colors.xcassets; sourceTree = "<group>"; };
		D2732F0E2BDB0E50002B1EC8 /* Spacing.swift */ = {isa = PBXFileReference; lastKnownFileType = sourcecode.swift; path = Spacing.swift; sourceTree = "<group>"; };
		D2732F112BDB3270002B1EC8 /* DetailView.swift */ = {isa = PBXFileReference; lastKnownFileType = sourcecode.swift; path = DetailView.swift; sourceTree = "<group>"; };
		D2732F132BDB4446002B1EC8 /* DetailHeaderView.swift */ = {isa = PBXFileReference; lastKnownFileType = sourcecode.swift; path = DetailHeaderView.swift; sourceTree = "<group>"; };
		D2732F162BDC0C5D002B1EC8 /* SearchBarView.swift */ = {isa = PBXFileReference; lastKnownFileType = sourcecode.swift; path = SearchBarView.swift; sourceTree = "<group>"; };
		D2732F192BDC10CD002B1EC8 /* UIApplication+Extension.swift */ = {isa = PBXFileReference; lastKnownFileType = sourcecode.swift; path = "UIApplication+Extension.swift"; sourceTree = "<group>"; };
		D2A974732BDD697400F7D473 /* MainTabBarView.swift */ = {isa = PBXFileReference; lastKnownFileType = sourcecode.swift; path = MainTabBarView.swift; sourceTree = "<group>"; };
		D2A974A92BDD77DC00F7D473 /* PokemonPageServiceTests.swift */ = {isa = PBXFileReference; fileEncoding = 4; lastKnownFileType = sourcecode.swift; path = PokemonPageServiceTests.swift; sourceTree = "<group>"; };
		D2A974AB2BDD77DC00F7D473 /* MockNetworkingManager.swift */ = {isa = PBXFileReference; fileEncoding = 4; lastKnownFileType = sourcecode.swift; path = MockNetworkingManager.swift; sourceTree = "<group>"; };
		D2A974AC2BDD77DC00F7D473 /* MockPokemonPageServiceHandler.swift */ = {isa = PBXFileReference; fileEncoding = 4; lastKnownFileType = sourcecode.swift; path = MockPokemonPageServiceHandler.swift; sourceTree = "<group>"; };
		D2A974AE2BDD77DC00F7D473 /* PokeItemTests.swift */ = {isa = PBXFileReference; fileEncoding = 4; lastKnownFileType = sourcecode.swift; path = PokeItemTests.swift; sourceTree = "<group>"; };
		D2A974AF2BDD77DC00F7D473 /* PokemonPageTests.swift */ = {isa = PBXFileReference; fileEncoding = 4; lastKnownFileType = sourcecode.swift; path = PokemonPageTests.swift; sourceTree = "<group>"; };
		D2A974B02BDD77DC00F7D473 /* PokemonTests.swift */ = {isa = PBXFileReference; fileEncoding = 4; lastKnownFileType = sourcecode.swift; path = PokemonTests.swift; sourceTree = "<group>"; };
		D2A974B12BDD77DC00F7D473 /* PokemonTypeTests.swift */ = {isa = PBXFileReference; fileEncoding = 4; lastKnownFileType = sourcecode.swift; path = PokemonTypeTests.swift; sourceTree = "<group>"; };
		D2A974BB2BDD8BDD00F7D473 /* FilterView.swift */ = {isa = PBXFileReference; lastKnownFileType = sourcecode.swift; path = FilterView.swift; sourceTree = "<group>"; };
		D2A974BD2BDDA81200F7D473 /* Filter.swift */ = {isa = PBXFileReference; lastKnownFileType = sourcecode.swift; path = Filter.swift; sourceTree = "<group>"; };
		D2A974BF2BDDBC5E00F7D473 /* Localizable.xcstrings */ = {isa = PBXFileReference; lastKnownFileType = text.json.xcstrings; path = Localizable.xcstrings; sourceTree = "<group>"; };
		D2732F1C2BDC8EB1002B1EC8 /* FileManagerService.swift */ = {isa = PBXFileReference; lastKnownFileType = sourcecode.swift; path = FileManagerService.swift; sourceTree = "<group>"; };
/* End PBXFileReference section */

/* Begin PBXFrameworksBuildPhase section */
		D25A34182BD886C900148C70 /* Frameworks */ = {
			isa = PBXFrameworksBuildPhase;
			buildActionMask = 2147483647;
			files = (
				D2732F042BDA1908002B1EC8 /* SDWebImageSwiftUI in Frameworks */,
			);
			runOnlyForDeploymentPostprocessing = 0;
		};
		D25A34282BD886CD00148C70 /* Frameworks */ = {
			isa = PBXFrameworksBuildPhase;
			buildActionMask = 2147483647;
			files = (
			);
			runOnlyForDeploymentPostprocessing = 0;
		};
		D25A34322BD886CD00148C70 /* Frameworks */ = {
			isa = PBXFrameworksBuildPhase;
			buildActionMask = 2147483647;
			files = (
			);
			runOnlyForDeploymentPostprocessing = 0;
		};
/* End PBXFrameworksBuildPhase section */

/* Begin PBXGroup section */
		D25A34122BD886C800148C70 = {
			isa = PBXGroup;
			children = (
				D25A341D2BD886C900148C70 /* HolaFly-Challenge */,
				D25A342E2BD886CD00148C70 /* HolaFly-ChallengeTests */,
				D25A34382BD886CD00148C70 /* HolaFly-ChallengeUITests */,
				D25A341C2BD886C900148C70 /* Products */,
				D2732F022BDA1908002B1EC8 /* Frameworks */,
			);
			sourceTree = "<group>";
		};
		D25A341C2BD886C900148C70 /* Products */ = {
			isa = PBXGroup;
			children = (
				D25A341B2BD886C900148C70 /* HolaFly-Challenge.app */,
				D25A342B2BD886CD00148C70 /* HolaFly-ChallengeTests.xctest */,
				D25A34352BD886CD00148C70 /* HolaFly-ChallengeUITests.xctest */,
			);
			name = Products;
			sourceTree = "<group>";
		};
		D25A341D2BD886C900148C70 /* HolaFly-Challenge */ = {
			isa = PBXGroup;
			children = (
				D2732F1B2BDC8E7D002B1EC8 /* Core */,
				D2732F052BDA2646002B1EC8 /* Info.plist */,
				D25A344F2BD8882F00148C70 /* App */,
				D2732F0D2BDB0E33002B1EC8 /* Helper */,
				D2732F152BDC0C2C002B1EC8 /* CustomView */,
				D25A344E2BD887F800148C70 /* Resources */,
				D25A344A2BD8878800148C70 /* Networking */,
				D25A34492BD8877C00148C70 /* Models */,
				D25A34482BD886E700148C70 /* Scenes */,
			);
			path = "HolaFly-Challenge";
			sourceTree = "<group>";
		};
		D25A342E2BD886CD00148C70 /* HolaFly-ChallengeTests */ = {
			isa = PBXGroup;
			children = (
				D2A974AD2BDD77DC00F7D473 /* Mocks */,
				D2A974B22BDD77DC00F7D473 /* ModelTests */,
				D2A974AA2BDD77DC00F7D473 /* NetworkingTests */,
			);
			path = "HolaFly-ChallengeTests";
			sourceTree = "<group>";
		};
		D25A34382BD886CD00148C70 /* HolaFly-ChallengeUITests */ = {
			isa = PBXGroup;
			children = (
				D25A34392BD886CD00148C70 /* HolaFly_ChallengeUITests.swift */,
				D25A343B2BD886CD00148C70 /* HolaFly_ChallengeUITestsLaunchTests.swift */,
			);
			path = "HolaFly-ChallengeUITests";
			sourceTree = "<group>";
		};
		D25A34482BD886E700148C70 /* Scenes */ = {
			isa = PBXGroup;
			children = (
				D2A974BA2BDD8BC900F7D473 /* Filter */,
				D2732F102BDB325E002B1EC8 /* Detail */,
				D25A34612BD9FDCD00148C70 /* Main */,
			);
			path = Scenes;
			sourceTree = "<group>";
		};
		D25A34492BD8877C00148C70 /* Models */ = {
			isa = PBXGroup;
			children = (
				D25A345D2BD9F71000148C70 /* PokemonPage.swift */,
				D25A345F2BD9F74500148C70 /* Pokemon.swift */,
				D2732F062BDAB1DA002B1EC8 /* PokeItem.swift */,
				D2732F082BDAF970002B1EC8 /* PokemonType.swift */,
				D2A974BD2BDDA81200F7D473 /* Filter.swift */,
			);
			path = Models;
			sourceTree = "<group>";
		};
		D25A344A2BD8878800148C70 /* Networking */ = {
			isa = PBXGroup;
			children = (
				D25A345A2BD9F2A500148C70 /* DataSource */,
				D25A34522BD9D7F200148C70 /* NetworkingManager.swift */,
				D25A34562BD9F1B300148C70 /* RequestError.swift */,
			);
			path = Networking;
			sourceTree = "<group>";
		};
		D25A344E2BD887F800148C70 /* Resources */ = {
			isa = PBXGroup;
			children = (
				D2732F182BDC1090002B1EC8 /* Extension */,
				D2732F0A2BDAF9FE002B1EC8 /* Color */,
				D25A34512BD8887900148C70 /* Localizables */,
				D25A34502BD8885500148C70 /* Assets */,
			);
			path = Resources;
			sourceTree = "<group>";
		};
		D25A344F2BD8882F00148C70 /* App */ = {
			isa = PBXGroup;
			children = (
				D25A341E2BD886C900148C70 /* HolaFly_ChallengeApp.swift */,
			);
			path = App;
			sourceTree = "<group>";
		};
		D25A34502BD8885500148C70 /* Assets */ = {
			isa = PBXGroup;
			children = (
				D25A34222BD886CD00148C70 /* Assets.xcassets */,
			);
			path = Assets;
			sourceTree = "<group>";
		};
		D25A34512BD8887900148C70 /* Localizables */ = {
			isa = PBXGroup;
			children = (
				D2A974BF2BDDBC5E00F7D473 /* Localizable.xcstrings */,
			);
			path = Localizables;
			sourceTree = "<group>";
		};
		D25A345A2BD9F2A500148C70 /* DataSource */ = {
			isa = PBXGroup;
			children = (
				D25A345B2BD9F66500148C70 /* MainDataSource.swift */,
			);
			path = DataSource;
			sourceTree = "<group>";
		};
		D25A34612BD9FDCD00148C70 /* Main */ = {
			isa = PBXGroup;
			children = (
				D25A34642BD9FE2600148C70 /* MainView.swift */,
				D25A34662BD9FE3E00148C70 /* MainViewModel.swift */,
				D25A34682BDA043500148C70 /* MainCoordinator.swift */,
				D25A346B2BDA0BF700148C70 /* ListItem.swift */,
			);
			path = Main;
			sourceTree = "<group>";
		};
		D2732F022BDA1908002B1EC8 /* Frameworks */ = {
			isa = PBXGroup;
			children = (
			);
			name = Frameworks;
			sourceTree = "<group>";
		};
		D2732F0A2BDAF9FE002B1EC8 /* Color */ = {
			isa = PBXGroup;
			children = (
				D2732F0B2BDAFA10002B1EC8 /* Colors.xcassets */,
			);
			path = Color;
			sourceTree = "<group>";
		};
		D2732F0D2BDB0E33002B1EC8 /* Helper */ = {
			isa = PBXGroup;
			children = (
				D2732F0E2BDB0E50002B1EC8 /* Spacing.swift */,
			);
			path = Helper;
			sourceTree = "<group>";
		};
		D2732F102BDB325E002B1EC8 /* Detail */ = {
			isa = PBXGroup;
			children = (
				D2732F112BDB3270002B1EC8 /* DetailView.swift */,
				D2732F132BDB4446002B1EC8 /* DetailHeaderView.swift */,
			);
			path = Detail;
			sourceTree = "<group>";
		};
		D2732F152BDC0C2C002B1EC8 /* CustomView */ = {
			isa = PBXGroup;
			children = (
				D2732F162BDC0C5D002B1EC8 /* SearchBarView.swift */,
				D2A974732BDD697400F7D473 /* MainTabBarView.swift */,
			);
			path = CustomView;
			sourceTree = "<group>";
		};
		D2732F182BDC1090002B1EC8 /* Extension */ = {
			isa = PBXGroup;
			children = (
				D2732F192BDC10CD002B1EC8 /* UIApplication+Extension.swift */,
			);
			path = Extension;
			sourceTree = "<group>";
		};
		D2A974AA2BDD77DC00F7D473 /* NetworkingTests */ = {
			isa = PBXGroup;
			children = (
				D2A974A92BDD77DC00F7D473 /* PokemonPageServiceTests.swift */,
			);
			path = NetworkingTests;
			sourceTree = "<group>";
		};
		D2A974AD2BDD77DC00F7D473 /* Mocks */ = {
			isa = PBXGroup;
			children = (
				D2A974AB2BDD77DC00F7D473 /* MockNetworkingManager.swift */,
				D2A974AC2BDD77DC00F7D473 /* MockPokemonPageServiceHandler.swift */,
			);
			path = Mocks;
			sourceTree = "<group>";
		};
		D2A974B22BDD77DC00F7D473 /* ModelTests */ = {
			isa = PBXGroup;
			children = (
				D2A974AE2BDD77DC00F7D473 /* PokeItemTests.swift */,
				D2A974AF2BDD77DC00F7D473 /* PokemonPageTests.swift */,
				D2A974B02BDD77DC00F7D473 /* PokemonTests.swift */,
				D2A974B12BDD77DC00F7D473 /* PokemonTypeTests.swift */,
			);
			path = ModelTests;
			sourceTree = "<group>";
		};
		D2A974BA2BDD8BC900F7D473 /* Filter */ = {
			isa = PBXGroup;
			children = (
				D2A974BB2BDD8BDD00F7D473 /* FilterView.swift */,
			);
			path = Filter;
		D2732F1B2BDC8E7D002B1EC8 /* Core */ = {
			isa = PBXGroup;
			children = (
				D2732F1C2BDC8EB1002B1EC8 /* FileManagerService.swift */,
			);
			path = Core;
			sourceTree = "<group>";
		};
/* End PBXGroup section */

/* Begin PBXNativeTarget section */
		D25A341A2BD886C900148C70 /* HolaFly-Challenge */ = {
			isa = PBXNativeTarget;
			buildConfigurationList = D25A343F2BD886CD00148C70 /* Build configuration list for PBXNativeTarget "HolaFly-Challenge" */;
			buildPhases = (
				D25A34172BD886C900148C70 /* Sources */,
				D25A34182BD886C900148C70 /* Frameworks */,
				D25A34192BD886C900148C70 /* Resources */,
			);
			buildRules = (
			);
			dependencies = (
			);
			name = "HolaFly-Challenge";
			packageProductDependencies = (
				D2732F032BDA1908002B1EC8 /* SDWebImageSwiftUI */,
			);
			productName = "HolaFly-Challenge";
			productReference = D25A341B2BD886C900148C70 /* HolaFly-Challenge.app */;
			productType = "com.apple.product-type.application";
		};
		D25A342A2BD886CD00148C70 /* HolaFly-ChallengeTests */ = {
			isa = PBXNativeTarget;
			buildConfigurationList = D25A34422BD886CD00148C70 /* Build configuration list for PBXNativeTarget "HolaFly-ChallengeTests" */;
			buildPhases = (
				D25A34272BD886CD00148C70 /* Sources */,
				D25A34282BD886CD00148C70 /* Frameworks */,
				D25A34292BD886CD00148C70 /* Resources */,
			);
			buildRules = (
			);
			dependencies = (
				D25A342D2BD886CD00148C70 /* PBXTargetDependency */,
			);
			name = "HolaFly-ChallengeTests";
			productName = "HolaFly-ChallengeTests";
			productReference = D25A342B2BD886CD00148C70 /* HolaFly-ChallengeTests.xctest */;
			productType = "com.apple.product-type.bundle.unit-test";
		};
		D25A34342BD886CD00148C70 /* HolaFly-ChallengeUITests */ = {
			isa = PBXNativeTarget;
			buildConfigurationList = D25A34452BD886CD00148C70 /* Build configuration list for PBXNativeTarget "HolaFly-ChallengeUITests" */;
			buildPhases = (
				D25A34312BD886CD00148C70 /* Sources */,
				D25A34322BD886CD00148C70 /* Frameworks */,
				D25A34332BD886CD00148C70 /* Resources */,
			);
			buildRules = (
			);
			dependencies = (
				D25A34372BD886CD00148C70 /* PBXTargetDependency */,
			);
			name = "HolaFly-ChallengeUITests";
			productName = "HolaFly-ChallengeUITests";
			productReference = D25A34352BD886CD00148C70 /* HolaFly-ChallengeUITests.xctest */;
			productType = "com.apple.product-type.bundle.ui-testing";
		};
/* End PBXNativeTarget section */

/* Begin PBXProject section */
		D25A34132BD886C800148C70 /* Project object */ = {
			isa = PBXProject;
			attributes = {
				BuildIndependentTargetsInParallel = 1;
				LastSwiftUpdateCheck = 1530;
				LastUpgradeCheck = 1530;
				TargetAttributes = {
					D25A341A2BD886C900148C70 = {
						CreatedOnToolsVersion = 15.3;
					};
					D25A342A2BD886CD00148C70 = {
						CreatedOnToolsVersion = 15.3;
						TestTargetID = D25A341A2BD886C900148C70;
					};
					D25A34342BD886CD00148C70 = {
						CreatedOnToolsVersion = 15.3;
						TestTargetID = D25A341A2BD886C900148C70;
					};
				};
			};
			buildConfigurationList = D25A34162BD886C800148C70 /* Build configuration list for PBXProject "HolaFly-Challenge" */;
			compatibilityVersion = "Xcode 14.0";
			developmentRegion = en;
			hasScannedForEncodings = 0;
			knownRegions = (
				en,
				Base,
				es,
			);
			mainGroup = D25A34122BD886C800148C70;
			packageReferences = (
				D25A346D2BDA17AE00148C70 /* XCRemoteSwiftPackageReference "SDWebImageSwiftUI" */,
			);
			productRefGroup = D25A341C2BD886C900148C70 /* Products */;
			projectDirPath = "";
			projectRoot = "";
			targets = (
				D25A341A2BD886C900148C70 /* HolaFly-Challenge */,
				D25A342A2BD886CD00148C70 /* HolaFly-ChallengeTests */,
				D25A34342BD886CD00148C70 /* HolaFly-ChallengeUITests */,
			);
		};
/* End PBXProject section */

/* Begin PBXResourcesBuildPhase section */
		D25A34192BD886C900148C70 /* Resources */ = {
			isa = PBXResourcesBuildPhase;
			buildActionMask = 2147483647;
			files = (
				D25A34232BD886CD00148C70 /* Assets.xcassets in Resources */,
				D2732F0C2BDAFA10002B1EC8 /* Colors.xcassets in Resources */,
				D2A974C02BDDBC5E00F7D473 /* Localizable.xcstrings in Resources */,
			);
			runOnlyForDeploymentPostprocessing = 0;
		};
		D25A34292BD886CD00148C70 /* Resources */ = {
			isa = PBXResourcesBuildPhase;
			buildActionMask = 2147483647;
			files = (
			);
			runOnlyForDeploymentPostprocessing = 0;
		};
		D25A34332BD886CD00148C70 /* Resources */ = {
			isa = PBXResourcesBuildPhase;
			buildActionMask = 2147483647;
			files = (
			);
			runOnlyForDeploymentPostprocessing = 0;
		};
/* End PBXResourcesBuildPhase section */

/* Begin PBXSourcesBuildPhase section */
		D25A34172BD886C900148C70 /* Sources */ = {
			isa = PBXSourcesBuildPhase;
			buildActionMask = 2147483647;
			files = (
				D25A341F2BD886C900148C70 /* HolaFly_ChallengeApp.swift in Sources */,
				D2A974BE2BDDA81200F7D473 /* Filter.swift in Sources */,
				D2732F072BDAB1DA002B1EC8 /* PokeItem.swift in Sources */,
				D2732F1A2BDC10CD002B1EC8 /* UIApplication+Extension.swift in Sources */,
				D25A34652BD9FE2600148C70 /* MainView.swift in Sources */,
				D2732F122BDB3270002B1EC8 /* DetailView.swift in Sources */,
				D2732F092BDAF970002B1EC8 /* PokemonType.swift in Sources */,
				D2732F172BDC0C5D002B1EC8 /* SearchBarView.swift in Sources */,
				D25A34532BD9D7F200148C70 /* NetworkingManager.swift in Sources */,
				D25A345C2BD9F66500148C70 /* MainDataSource.swift in Sources */,
				D25A345E2BD9F71000148C70 /* PokemonPage.swift in Sources */,
				D25A34572BD9F1B300148C70 /* RequestError.swift in Sources */,
				D25A34602BD9F74500148C70 /* Pokemon.swift in Sources */,
				D25A34692BDA043500148C70 /* MainCoordinator.swift in Sources */,
				D2A974742BDD697400F7D473 /* MainTabBarView.swift in Sources */,
				D25A346C2BDA0BF700148C70 /* ListItem.swift in Sources */,
				D2732F0F2BDB0E50002B1EC8 /* Spacing.swift in Sources */,
				D2A974BC2BDD8BDD00F7D473 /* FilterView.swift in Sources */,
				D2732F1D2BDC8EB1002B1EC8 /* FileManagerService.swift in Sources */,
				D25A34672BD9FE3E00148C70 /* MainViewModel.swift in Sources */,
				D2732F142BDB4446002B1EC8 /* DetailHeaderView.swift in Sources */,
			);
			runOnlyForDeploymentPostprocessing = 0;
		};
		D25A34272BD886CD00148C70 /* Sources */ = {
			isa = PBXSourcesBuildPhase;
			buildActionMask = 2147483647;
			files = (
				D2A974B72BDD77DC00F7D473 /* PokemonPageTests.swift in Sources */,
				D2A974B32BDD77DC00F7D473 /* PokemonPageServiceTests.swift in Sources */,
				D2A974B52BDD77DC00F7D473 /* MockPokemonPageServiceHandler.swift in Sources */,
				D2A974B92BDD77DC00F7D473 /* PokemonTypeTests.swift in Sources */,
				D2A974B42BDD77DC00F7D473 /* MockNetworkingManager.swift in Sources */,
				D2A974B62BDD77DC00F7D473 /* PokeItemTests.swift in Sources */,
				D2A974B82BDD77DC00F7D473 /* PokemonTests.swift in Sources */,
			);
			runOnlyForDeploymentPostprocessing = 0;
		};
		D25A34312BD886CD00148C70 /* Sources */ = {
			isa = PBXSourcesBuildPhase;
			buildActionMask = 2147483647;
			files = (
				D25A343C2BD886CD00148C70 /* HolaFly_ChallengeUITestsLaunchTests.swift in Sources */,
				D25A343A2BD886CD00148C70 /* HolaFly_ChallengeUITests.swift in Sources */,
			);
			runOnlyForDeploymentPostprocessing = 0;
		};
/* End PBXSourcesBuildPhase section */

/* Begin PBXTargetDependency section */
		D25A342D2BD886CD00148C70 /* PBXTargetDependency */ = {
			isa = PBXTargetDependency;
			target = D25A341A2BD886C900148C70 /* HolaFly-Challenge */;
			targetProxy = D25A342C2BD886CD00148C70 /* PBXContainerItemProxy */;
		};
		D25A34372BD886CD00148C70 /* PBXTargetDependency */ = {
			isa = PBXTargetDependency;
			target = D25A341A2BD886C900148C70 /* HolaFly-Challenge */;
			targetProxy = D25A34362BD886CD00148C70 /* PBXContainerItemProxy */;
		};
/* End PBXTargetDependency section */

/* Begin XCBuildConfiguration section */
		D25A343D2BD886CD00148C70 /* Debug */ = {
			isa = XCBuildConfiguration;
			buildSettings = {
				ALWAYS_SEARCH_USER_PATHS = NO;
				ASSETCATALOG_COMPILER_GENERATE_SWIFT_ASSET_SYMBOL_EXTENSIONS = YES;
				CLANG_ANALYZER_NONNULL = YES;
				CLANG_ANALYZER_NUMBER_OBJECT_CONVERSION = YES_AGGRESSIVE;
				CLANG_CXX_LANGUAGE_STANDARD = "gnu++20";
				CLANG_ENABLE_MODULES = YES;
				CLANG_ENABLE_OBJC_ARC = YES;
				CLANG_ENABLE_OBJC_WEAK = YES;
				CLANG_WARN_BLOCK_CAPTURE_AUTORELEASING = YES;
				CLANG_WARN_BOOL_CONVERSION = YES;
				CLANG_WARN_COMMA = YES;
				CLANG_WARN_CONSTANT_CONVERSION = YES;
				CLANG_WARN_DEPRECATED_OBJC_IMPLEMENTATIONS = YES;
				CLANG_WARN_DIRECT_OBJC_ISA_USAGE = YES_ERROR;
				CLANG_WARN_DOCUMENTATION_COMMENTS = YES;
				CLANG_WARN_EMPTY_BODY = YES;
				CLANG_WARN_ENUM_CONVERSION = YES;
				CLANG_WARN_INFINITE_RECURSION = YES;
				CLANG_WARN_INT_CONVERSION = YES;
				CLANG_WARN_NON_LITERAL_NULL_CONVERSION = YES;
				CLANG_WARN_OBJC_IMPLICIT_RETAIN_SELF = YES;
				CLANG_WARN_OBJC_LITERAL_CONVERSION = YES;
				CLANG_WARN_OBJC_ROOT_CLASS = YES_ERROR;
				CLANG_WARN_QUOTED_INCLUDE_IN_FRAMEWORK_HEADER = YES;
				CLANG_WARN_RANGE_LOOP_ANALYSIS = YES;
				CLANG_WARN_STRICT_PROTOTYPES = YES;
				CLANG_WARN_SUSPICIOUS_MOVE = YES;
				CLANG_WARN_UNGUARDED_AVAILABILITY = YES_AGGRESSIVE;
				CLANG_WARN_UNREACHABLE_CODE = YES;
				CLANG_WARN__DUPLICATE_METHOD_MATCH = YES;
				COPY_PHASE_STRIP = NO;
				DEBUG_INFORMATION_FORMAT = dwarf;
				ENABLE_STRICT_OBJC_MSGSEND = YES;
				ENABLE_TESTABILITY = YES;
				ENABLE_USER_SCRIPT_SANDBOXING = YES;
				GCC_C_LANGUAGE_STANDARD = gnu17;
				GCC_DYNAMIC_NO_PIC = NO;
				GCC_NO_COMMON_BLOCKS = YES;
				GCC_OPTIMIZATION_LEVEL = 0;
				GCC_PREPROCESSOR_DEFINITIONS = (
					"DEBUG=1",
					"$(inherited)",
				);
				GCC_WARN_64_TO_32_BIT_CONVERSION = YES;
				GCC_WARN_ABOUT_RETURN_TYPE = YES_ERROR;
				GCC_WARN_UNDECLARED_SELECTOR = YES;
				GCC_WARN_UNINITIALIZED_AUTOS = YES_AGGRESSIVE;
				GCC_WARN_UNUSED_FUNCTION = YES;
				GCC_WARN_UNUSED_VARIABLE = YES;
				IPHONEOS_DEPLOYMENT_TARGET = 17.4;
				LOCALIZATION_PREFERS_STRING_CATALOGS = YES;
				MTL_ENABLE_DEBUG_INFO = INCLUDE_SOURCE;
				MTL_FAST_MATH = YES;
				ONLY_ACTIVE_ARCH = YES;
				SDKROOT = iphoneos;
				SWIFT_ACTIVE_COMPILATION_CONDITIONS = "DEBUG $(inherited)";
				SWIFT_OPTIMIZATION_LEVEL = "-Onone";
			};
			name = Debug;
		};
		D25A343E2BD886CD00148C70 /* Release */ = {
			isa = XCBuildConfiguration;
			buildSettings = {
				ALWAYS_SEARCH_USER_PATHS = NO;
				ASSETCATALOG_COMPILER_GENERATE_SWIFT_ASSET_SYMBOL_EXTENSIONS = YES;
				CLANG_ANALYZER_NONNULL = YES;
				CLANG_ANALYZER_NUMBER_OBJECT_CONVERSION = YES_AGGRESSIVE;
				CLANG_CXX_LANGUAGE_STANDARD = "gnu++20";
				CLANG_ENABLE_MODULES = YES;
				CLANG_ENABLE_OBJC_ARC = YES;
				CLANG_ENABLE_OBJC_WEAK = YES;
				CLANG_WARN_BLOCK_CAPTURE_AUTORELEASING = YES;
				CLANG_WARN_BOOL_CONVERSION = YES;
				CLANG_WARN_COMMA = YES;
				CLANG_WARN_CONSTANT_CONVERSION = YES;
				CLANG_WARN_DEPRECATED_OBJC_IMPLEMENTATIONS = YES;
				CLANG_WARN_DIRECT_OBJC_ISA_USAGE = YES_ERROR;
				CLANG_WARN_DOCUMENTATION_COMMENTS = YES;
				CLANG_WARN_EMPTY_BODY = YES;
				CLANG_WARN_ENUM_CONVERSION = YES;
				CLANG_WARN_INFINITE_RECURSION = YES;
				CLANG_WARN_INT_CONVERSION = YES;
				CLANG_WARN_NON_LITERAL_NULL_CONVERSION = YES;
				CLANG_WARN_OBJC_IMPLICIT_RETAIN_SELF = YES;
				CLANG_WARN_OBJC_LITERAL_CONVERSION = YES;
				CLANG_WARN_OBJC_ROOT_CLASS = YES_ERROR;
				CLANG_WARN_QUOTED_INCLUDE_IN_FRAMEWORK_HEADER = YES;
				CLANG_WARN_RANGE_LOOP_ANALYSIS = YES;
				CLANG_WARN_STRICT_PROTOTYPES = YES;
				CLANG_WARN_SUSPICIOUS_MOVE = YES;
				CLANG_WARN_UNGUARDED_AVAILABILITY = YES_AGGRESSIVE;
				CLANG_WARN_UNREACHABLE_CODE = YES;
				CLANG_WARN__DUPLICATE_METHOD_MATCH = YES;
				COPY_PHASE_STRIP = NO;
				DEBUG_INFORMATION_FORMAT = "dwarf-with-dsym";
				ENABLE_NS_ASSERTIONS = NO;
				ENABLE_STRICT_OBJC_MSGSEND = YES;
				ENABLE_USER_SCRIPT_SANDBOXING = YES;
				GCC_C_LANGUAGE_STANDARD = gnu17;
				GCC_NO_COMMON_BLOCKS = YES;
				GCC_WARN_64_TO_32_BIT_CONVERSION = YES;
				GCC_WARN_ABOUT_RETURN_TYPE = YES_ERROR;
				GCC_WARN_UNDECLARED_SELECTOR = YES;
				GCC_WARN_UNINITIALIZED_AUTOS = YES_AGGRESSIVE;
				GCC_WARN_UNUSED_FUNCTION = YES;
				GCC_WARN_UNUSED_VARIABLE = YES;
				IPHONEOS_DEPLOYMENT_TARGET = 17.4;
				LOCALIZATION_PREFERS_STRING_CATALOGS = YES;
				MTL_ENABLE_DEBUG_INFO = NO;
				MTL_FAST_MATH = YES;
				SDKROOT = iphoneos;
				SWIFT_COMPILATION_MODE = wholemodule;
				VALIDATE_PRODUCT = YES;
			};
			name = Release;
		};
		D25A34402BD886CD00148C70 /* Debug */ = {
			isa = XCBuildConfiguration;
			buildSettings = {
				ASSETCATALOG_COMPILER_APPICON_NAME = AppIcon;
				ASSETCATALOG_COMPILER_GLOBAL_ACCENT_COLOR_NAME = AccentColor;
				CODE_SIGN_STYLE = Automatic;
				CURRENT_PROJECT_VERSION = 1;
				DEVELOPMENT_TEAM = 374WJWBP62;
				ENABLE_PREVIEWS = YES;
				GENERATE_INFOPLIST_FILE = YES;
				INFOPLIST_FILE = "HolaFly-Challenge/Info.plist";
				INFOPLIST_KEY_LSApplicationCategoryType = "";
				INFOPLIST_KEY_UIApplicationSceneManifest_Generation = YES;
				INFOPLIST_KEY_UIApplicationSupportsIndirectInputEvents = YES;
				INFOPLIST_KEY_UILaunchScreen_Generation = YES;
				INFOPLIST_KEY_UISupportedInterfaceOrientations_iPad = "UIInterfaceOrientationPortrait UIInterfaceOrientationPortraitUpsideDown UIInterfaceOrientationLandscapeLeft UIInterfaceOrientationLandscapeRight";
				INFOPLIST_KEY_UISupportedInterfaceOrientations_iPhone = "UIInterfaceOrientationPortrait UIInterfaceOrientationLandscapeLeft UIInterfaceOrientationLandscapeRight";
				LD_RUNPATH_SEARCH_PATHS = (
					"$(inherited)",
					"@executable_path/Frameworks",
				);
				MARKETING_VERSION = 1.0;
				PRODUCT_BUNDLE_IDENTIFIER = "com.demo.HolaFly-Challenge";
				PRODUCT_NAME = "$(TARGET_NAME)";
				SWIFT_EMIT_LOC_STRINGS = YES;
				SWIFT_VERSION = 5.0;
				TARGETED_DEVICE_FAMILY = "1,2";
			};
			name = Debug;
		};
		D25A34412BD886CD00148C70 /* Release */ = {
			isa = XCBuildConfiguration;
			buildSettings = {
				ASSETCATALOG_COMPILER_APPICON_NAME = AppIcon;
				ASSETCATALOG_COMPILER_GLOBAL_ACCENT_COLOR_NAME = AccentColor;
				CODE_SIGN_STYLE = Automatic;
				CURRENT_PROJECT_VERSION = 1;
				DEVELOPMENT_TEAM = 374WJWBP62;
				ENABLE_PREVIEWS = YES;
				GENERATE_INFOPLIST_FILE = YES;
				INFOPLIST_FILE = "HolaFly-Challenge/Info.plist";
				INFOPLIST_KEY_LSApplicationCategoryType = "";
				INFOPLIST_KEY_UIApplicationSceneManifest_Generation = YES;
				INFOPLIST_KEY_UIApplicationSupportsIndirectInputEvents = YES;
				INFOPLIST_KEY_UILaunchScreen_Generation = YES;
				INFOPLIST_KEY_UISupportedInterfaceOrientations_iPad = "UIInterfaceOrientationPortrait UIInterfaceOrientationPortraitUpsideDown UIInterfaceOrientationLandscapeLeft UIInterfaceOrientationLandscapeRight";
				INFOPLIST_KEY_UISupportedInterfaceOrientations_iPhone = "UIInterfaceOrientationPortrait UIInterfaceOrientationLandscapeLeft UIInterfaceOrientationLandscapeRight";
				LD_RUNPATH_SEARCH_PATHS = (
					"$(inherited)",
					"@executable_path/Frameworks",
				);
				MARKETING_VERSION = 1.0;
				PRODUCT_BUNDLE_IDENTIFIER = "com.demo.HolaFly-Challenge";
				PRODUCT_NAME = "$(TARGET_NAME)";
				SWIFT_EMIT_LOC_STRINGS = YES;
				SWIFT_VERSION = 5.0;
				TARGETED_DEVICE_FAMILY = "1,2";
			};
			name = Release;
		};
		D25A34432BD886CD00148C70 /* Debug */ = {
			isa = XCBuildConfiguration;
			buildSettings = {
				ALWAYS_EMBED_SWIFT_STANDARD_LIBRARIES = YES;
				BUNDLE_LOADER = "$(TEST_HOST)";
				CODE_SIGN_STYLE = Automatic;
				CURRENT_PROJECT_VERSION = 1;
				DEVELOPMENT_TEAM = 374WJWBP62;
				GENERATE_INFOPLIST_FILE = YES;
				IPHONEOS_DEPLOYMENT_TARGET = 17.4;
				MARKETING_VERSION = 1.0;
				PRODUCT_BUNDLE_IDENTIFIER = "com.demo.HolaFly-ChallengeTests";
				PRODUCT_NAME = "$(TARGET_NAME)";
				SWIFT_EMIT_LOC_STRINGS = NO;
				SWIFT_VERSION = 5.0;
				TARGETED_DEVICE_FAMILY = "1,2";
				TEST_HOST = "$(BUILT_PRODUCTS_DIR)/HolaFly-Challenge.app/$(BUNDLE_EXECUTABLE_FOLDER_PATH)/HolaFly-Challenge";
			};
			name = Debug;
		};
		D25A34442BD886CD00148C70 /* Release */ = {
			isa = XCBuildConfiguration;
			buildSettings = {
				ALWAYS_EMBED_SWIFT_STANDARD_LIBRARIES = YES;
				BUNDLE_LOADER = "$(TEST_HOST)";
				CODE_SIGN_STYLE = Automatic;
				CURRENT_PROJECT_VERSION = 1;
				DEVELOPMENT_TEAM = 374WJWBP62;
				GENERATE_INFOPLIST_FILE = YES;
				IPHONEOS_DEPLOYMENT_TARGET = 17.4;
				MARKETING_VERSION = 1.0;
				PRODUCT_BUNDLE_IDENTIFIER = "com.demo.HolaFly-ChallengeTests";
				PRODUCT_NAME = "$(TARGET_NAME)";
				SWIFT_EMIT_LOC_STRINGS = NO;
				SWIFT_VERSION = 5.0;
				TARGETED_DEVICE_FAMILY = "1,2";
				TEST_HOST = "$(BUILT_PRODUCTS_DIR)/HolaFly-Challenge.app/$(BUNDLE_EXECUTABLE_FOLDER_PATH)/HolaFly-Challenge";
			};
			name = Release;
		};
		D25A34462BD886CD00148C70 /* Debug */ = {
			isa = XCBuildConfiguration;
			buildSettings = {
				ALWAYS_EMBED_SWIFT_STANDARD_LIBRARIES = YES;
				CODE_SIGN_STYLE = Automatic;
				CURRENT_PROJECT_VERSION = 1;
				DEVELOPMENT_TEAM = 374WJWBP62;
				GENERATE_INFOPLIST_FILE = YES;
				MARKETING_VERSION = 1.0;
				PRODUCT_BUNDLE_IDENTIFIER = "com.demo.HolaFly-ChallengeUITests";
				PRODUCT_NAME = "$(TARGET_NAME)";
				SWIFT_EMIT_LOC_STRINGS = NO;
				SWIFT_VERSION = 5.0;
				TARGETED_DEVICE_FAMILY = "1,2";
				TEST_TARGET_NAME = "HolaFly-Challenge";
			};
			name = Debug;
		};
		D25A34472BD886CD00148C70 /* Release */ = {
			isa = XCBuildConfiguration;
			buildSettings = {
				ALWAYS_EMBED_SWIFT_STANDARD_LIBRARIES = YES;
				CODE_SIGN_STYLE = Automatic;
				CURRENT_PROJECT_VERSION = 1;
				DEVELOPMENT_TEAM = 374WJWBP62;
				GENERATE_INFOPLIST_FILE = YES;
				MARKETING_VERSION = 1.0;
				PRODUCT_BUNDLE_IDENTIFIER = "com.demo.HolaFly-ChallengeUITests";
				PRODUCT_NAME = "$(TARGET_NAME)";
				SWIFT_EMIT_LOC_STRINGS = NO;
				SWIFT_VERSION = 5.0;
				TARGETED_DEVICE_FAMILY = "1,2";
				TEST_TARGET_NAME = "HolaFly-Challenge";
			};
			name = Release;
		};
/* End XCBuildConfiguration section */

/* Begin XCConfigurationList section */
		D25A34162BD886C800148C70 /* Build configuration list for PBXProject "HolaFly-Challenge" */ = {
			isa = XCConfigurationList;
			buildConfigurations = (
				D25A343D2BD886CD00148C70 /* Debug */,
				D25A343E2BD886CD00148C70 /* Release */,
			);
			defaultConfigurationIsVisible = 0;
			defaultConfigurationName = Release;
		};
		D25A343F2BD886CD00148C70 /* Build configuration list for PBXNativeTarget "HolaFly-Challenge" */ = {
			isa = XCConfigurationList;
			buildConfigurations = (
				D25A34402BD886CD00148C70 /* Debug */,
				D25A34412BD886CD00148C70 /* Release */,
			);
			defaultConfigurationIsVisible = 0;
			defaultConfigurationName = Release;
		};
		D25A34422BD886CD00148C70 /* Build configuration list for PBXNativeTarget "HolaFly-ChallengeTests" */ = {
			isa = XCConfigurationList;
			buildConfigurations = (
				D25A34432BD886CD00148C70 /* Debug */,
				D25A34442BD886CD00148C70 /* Release */,
			);
			defaultConfigurationIsVisible = 0;
			defaultConfigurationName = Release;
		};
		D25A34452BD886CD00148C70 /* Build configuration list for PBXNativeTarget "HolaFly-ChallengeUITests" */ = {
			isa = XCConfigurationList;
			buildConfigurations = (
				D25A34462BD886CD00148C70 /* Debug */,
				D25A34472BD886CD00148C70 /* Release */,
			);
			defaultConfigurationIsVisible = 0;
			defaultConfigurationName = Release;
		};
/* End XCConfigurationList section */

/* Begin XCRemoteSwiftPackageReference section */
		D25A346D2BDA17AE00148C70 /* XCRemoteSwiftPackageReference "SDWebImageSwiftUI" */ = {
			isa = XCRemoteSwiftPackageReference;
			repositoryURL = "https://github.com/SDWebImage/SDWebImageSwiftUI.git";
			requirement = {
				kind = upToNextMajorVersion;
				minimumVersion = 3.0.2;
			};
		};
/* End XCRemoteSwiftPackageReference section */

/* Begin XCSwiftPackageProductDependency section */
		D2732F032BDA1908002B1EC8 /* SDWebImageSwiftUI */ = {
			isa = XCSwiftPackageProductDependency;
			package = D25A346D2BDA17AE00148C70 /* XCRemoteSwiftPackageReference "SDWebImageSwiftUI" */;
			productName = SDWebImageSwiftUI;
		};
/* End XCSwiftPackageProductDependency section */
	};
	rootObject = D25A34132BD886C800148C70 /* Project object */;
}
